# This file is automatically @generated by Cargo.
# It is not intended for manual editing.
version = 3

[[package]]
name = "blip_buf"
version = "0.1.4"
source = "registry+https://github.com/rust-lang/crates.io-index"
checksum = "45c136cf50e8d0c47fe415008a6be8b50a9a56a6741fffbe2e580e007eda417d"
dependencies = [
 "blip_buf-sys",
 "libc",
]

[[package]]
name = "blip_buf-sys"
version = "0.1.4"
source = "registry+https://github.com/rust-lang/crates.io-index"
checksum = "3b84654178cd24117082f5cb10dbc0580425fc06aa02ae209171fe070cd4522e"
dependencies = [
 "cc",
 "libc",
]

[[package]]
name = "cc"
version = "1.0.73"
source = "registry+https://github.com/rust-lang/crates.io-index"
checksum = "2fff2a6927b3bb87f9595d67196a70493f627687a71d87a0d692242c33f58c11"

[[package]]
name = "gb_emu"
version = "0.1.0"
dependencies = [
 "blip_buf",
 "lazy_static",
]

[[package]]
name = "lazy_static"
version = "1.4.0"
source = "registry+https://github.com/rust-lang/crates.io-index"
checksum = "e2abad23fbc42b3700f2f279844dc832adb2b2eb069b2df918f455c4e18cc646"

[[package]]
name = "libc"
version = "0.2.133"
source = "registry+https://github.com/rust-lang/crates.io-index"
checksum = "c0f80d65747a3e43d1596c7c5492d95d5edddaabd45a7fcdb02b95f644164966"
